
Microsoft Visual Studio Solution File, Format Version 12.00
# Visual Studio 15
VisualStudioVersion = 15.0.27130.2020
MinimumVisualStudioVersion = 14.0.22823.1
Project("{9A19103F-16F7-4668-BE54-9A1E7A4F7556}") = "Validar.Fody", "Validar.Fody\Validar.Fody.csproj", "{C3578A7B-09A6-4444-9383-0DEAFA4958BD}"
EndProject
Project("{9A19103F-16F7-4668-BE54-9A1E7A4F7556}") = "Validar", "Validar\Validar.csproj", "{B5AEB0E8-28F4-4955-A055-9C200F7113F0}"
EndProject
Project("{9A19103F-16F7-4668-BE54-9A1E7A4F7556}") = "WithGenericExternal", "WithGenericExternal\WithGenericExternal.csproj", "{68655477-ACC8-4A10-8C59-DC7644AE5303}"
EndProject
Project("{9A19103F-16F7-4668-BE54-9A1E7A4F7556}") = "WithGenericInternal", "WithGenericInternal\WithGenericInternal.csproj", "{3256D062-E246-4B58-89CE-3809C6398C99}"
EndProject
Project("{9A19103F-16F7-4668-BE54-9A1E7A4F7556}") = "WithNonGenericExternal", "WithNonGenericExternal\WithNonGenericExternal.csproj", "{6228ADCD-EC03-4ECB-AFAD-F1B484C1CA19}"
EndProject
Project("{9A19103F-16F7-4668-BE54-9A1E7A4F7556}") = "WithNonGenericInternal", "WithNonGenericInternal\WithNonGenericInternal.csproj", "{7DEC4E2D-F872-434E-A267-0BAD65299950}"
EndProject
Project("{9A19103F-16F7-4668-BE54-9A1E7A4F7556}") = "ExternalValidation", "ExternalValidation\ExternalValidation.csproj", "{BEB0322F-1AB0-4E09-BBCB-3FDA5FE7655A}"
EndProject
Project("{9A19103F-16F7-4668-BE54-9A1E7A4F7556}") = "Tests", "Tests\Tests.csproj", "{D9CE7424-74B3-42B2-A3A8-84447FC2D362}"
EndProject
Project("{2150E333-8FDC-42A3-9474-1A3956D46DE8}") = "Solution Items", "Solution Items", "{5853776D-89F0-489F-BD58-D5B88D9F8A11}"
	ProjectSection(SolutionItems) = preProject
		Directory.Build.props = Directory.Build.props
	EndProjectSection
EndProject
Global
	GlobalSection(SolutionConfigurationPlatforms) = preSolution
		Debug|Any CPU = Debug|Any CPU
		Debug|Mixed Platforms = Debug|Mixed Platforms
		Debug|x86 = Debug|x86
		Release|Any CPU = Release|Any CPU
		Release|Mixed Platforms = Release|Mixed Platforms
		Release|x86 = Release|x86
	EndGlobalSection
	GlobalSection(ProjectConfigurationPlatforms) = postSolution
		{C3578A7B-09A6-4444-9383-0DEAFA4958BD}.Debug|Any CPU.ActiveCfg = Debug|Any CPU
		{C3578A7B-09A6-4444-9383-0DEAFA4958BD}.Debug|Any CPU.Build.0 = Debug|Any CPU
		{C3578A7B-09A6-4444-9383-0DEAFA4958BD}.Debug|Mixed Platforms.ActiveCfg = Debug|Any CPU
		{C3578A7B-09A6-4444-9383-0DEAFA4958BD}.Debug|Mixed Platforms.Build.0 = Debug|Any CPU
		{C3578A7B-09A6-4444-9383-0DEAFA4958BD}.Debug|x86.ActiveCfg = Debug|Any CPU
		{C3578A7B-09A6-4444-9383-0DEAFA4958BD}.Release|Any CPU.ActiveCfg = Release|Any CPU
		{C3578A7B-09A6-4444-9383-0DEAFA4958BD}.Release|Any CPU.Build.0 = Release|Any CPU
		{C3578A7B-09A6-4444-9383-0DEAFA4958BD}.Release|Mixed Platforms.ActiveCfg = Release|Any CPU
		{C3578A7B-09A6-4444-9383-0DEAFA4958BD}.Release|Mixed Platforms.Build.0 = Release|Any CPU
		{C3578A7B-09A6-4444-9383-0DEAFA4958BD}.Release|x86.ActiveCfg = Release|Any CPU
		{B5AEB0E8-28F4-4955-A055-9C200F7113F0}.Debug|Any CPU.ActiveCfg = Debug|Any CPU
		{B5AEB0E8-28F4-4955-A055-9C200F7113F0}.Debug|Any CPU.Build.0 = Debug|Any CPU
		{B5AEB0E8-28F4-4955-A055-9C200F7113F0}.Debug|Mixed Platforms.ActiveCfg = Debug|Any CPU
		{B5AEB0E8-28F4-4955-A055-9C200F7113F0}.Debug|Mixed Platforms.Build.0 = Debug|Any CPU
		{B5AEB0E8-28F4-4955-A055-9C200F7113F0}.Debug|x86.ActiveCfg = Debug|Any CPU
		{B5AEB0E8-28F4-4955-A055-9C200F7113F0}.Release|Any CPU.ActiveCfg = Release|Any CPU
		{B5AEB0E8-28F4-4955-A055-9C200F7113F0}.Release|Any CPU.Build.0 = Release|Any CPU
		{B5AEB0E8-28F4-4955-A055-9C200F7113F0}.Release|Mixed Platforms.ActiveCfg = Release|Any CPU
		{B5AEB0E8-28F4-4955-A055-9C200F7113F0}.Release|Mixed Platforms.Build.0 = Release|Any CPU
		{B5AEB0E8-28F4-4955-A055-9C200F7113F0}.Release|x86.ActiveCfg = Release|Any CPU
		{68655477-ACC8-4A10-8C59-DC7644AE5303}.Debug|Any CPU.ActiveCfg = Debug|Any CPU
		{68655477-ACC8-4A10-8C59-DC7644AE5303}.Debug|Any CPU.Build.0 = Debug|Any CPU
		{68655477-ACC8-4A10-8C59-DC7644AE5303}.Debug|Mixed Platforms.ActiveCfg = Debug|Any CPU
		{68655477-ACC8-4A10-8C59-DC7644AE5303}.Debug|Mixed Platforms.Build.0 = Debug|Any CPU
		{68655477-ACC8-4A10-8C59-DC7644AE5303}.Debug|x86.ActiveCfg = Debug|Any CPU
		{68655477-ACC8-4A10-8C59-DC7644AE5303}.Release|Any CPU.ActiveCfg = Release|Any CPU
		{68655477-ACC8-4A10-8C59-DC7644AE5303}.Release|Any CPU.Build.0 = Release|Any CPU
		{68655477-ACC8-4A10-8C59-DC7644AE5303}.Release|Mixed Platforms.ActiveCfg = Release|Any CPU
		{68655477-ACC8-4A10-8C59-DC7644AE5303}.Release|Mixed Platforms.Build.0 = Release|Any CPU
		{68655477-ACC8-4A10-8C59-DC7644AE5303}.Release|x86.ActiveCfg = Release|Any CPU
		{3256D062-E246-4B58-89CE-3809C6398C99}.Debug|Any CPU.ActiveCfg = Debug|Any CPU
		{3256D062-E246-4B58-89CE-3809C6398C99}.Debug|Any CPU.Build.0 = Debug|Any CPU
		{3256D062-E246-4B58-89CE-3809C6398C99}.Debug|Mixed Platforms.ActiveCfg = Debug|Any CPU
		{3256D062-E246-4B58-89CE-3809C6398C99}.Debug|Mixed Platforms.Build.0 = Debug|Any CPU
		{3256D062-E246-4B58-89CE-3809C6398C99}.Debug|x86.ActiveCfg = Debug|Any CPU
		{3256D062-E246-4B58-89CE-3809C6398C99}.Release|Any CPU.ActiveCfg = Release|Any CPU
		{3256D062-E246-4B58-89CE-3809C6398C99}.Release|Any CPU.Build.0 = Release|Any CPU
		{3256D062-E246-4B58-89CE-3809C6398C99}.Release|Mixed Platforms.ActiveCfg = Release|Any CPU
		{3256D062-E246-4B58-89CE-3809C6398C99}.Release|Mixed Platforms.Build.0 = Release|Any CPU
		{3256D062-E246-4B58-89CE-3809C6398C99}.Release|x86.ActiveCfg = Release|Any CPU
		{6228ADCD-EC03-4ECB-AFAD-F1B484C1CA19}.Debug|Any CPU.ActiveCfg = Debug|Any CPU
		{6228ADCD-EC03-4ECB-AFAD-F1B484C1CA19}.Debug|Any CPU.Build.0 = Debug|Any CPU
		{6228ADCD-EC03-4ECB-AFAD-F1B484C1CA19}.Debug|Mixed Platforms.ActiveCfg = Debug|Any CPU
		{6228ADCD-EC03-4ECB-AFAD-F1B484C1CA19}.Debug|Mixed Platforms.Build.0 = Debug|Any CPU
		{6228ADCD-EC03-4ECB-AFAD-F1B484C1CA19}.Debug|x86.ActiveCfg = Debug|Any CPU
		{6228ADCD-EC03-4ECB-AFAD-F1B484C1CA19}.Release|Any CPU.ActiveCfg = Release|Any CPU
		{6228ADCD-EC03-4ECB-AFAD-F1B484C1CA19}.Release|Any CPU.Build.0 = Release|Any CPU
		{6228ADCD-EC03-4ECB-AFAD-F1B484C1CA19}.Release|Mixed Platforms.ActiveCfg = Release|Any CPU
		{6228ADCD-EC03-4ECB-AFAD-F1B484C1CA19}.Release|Mixed Platforms.Build.0 = Release|Any CPU
		{6228ADCD-EC03-4ECB-AFAD-F1B484C1CA19}.Release|x86.ActiveCfg = Release|Any CPU
		{7DEC4E2D-F872-434E-A267-0BAD65299950}.Debug|Any CPU.ActiveCfg = Debug|Any CPU
		{7DEC4E2D-F872-434E-A267-0BAD65299950}.Debug|Any CPU.Build.0 = Debug|Any CPU
		{7DEC4E2D-F872-434E-A267-0BAD65299950}.Debug|Mixed Platforms.ActiveCfg = Debug|Any CPU
		{7DEC4E2D-F872-434E-A267-0BAD65299950}.Debug|Mixed Platforms.Build.0 = Debug|Any CPU
		{7DEC4E2D-F872-434E-A267-0BAD65299950}.Debug|x86.ActiveCfg = Debug|Any CPU
		{7DEC4E2D-F872-434E-A267-0BAD65299950}.Release|Any CPU.ActiveCfg = Release|Any CPU
		{7DEC4E2D-F872-434E-A267-0BAD65299950}.Release|Any CPU.Build.0 = Release|Any CPU
		{7DEC4E2D-F872-434E-A267-0BAD65299950}.Release|Mixed Platforms.ActiveCfg = Release|Any CPU
		{7DEC4E2D-F872-434E-A267-0BAD65299950}.Release|Mixed Platforms.Build.0 = Release|Any CPU
		{7DEC4E2D-F872-434E-A267-0BAD65299950}.Release|x86.ActiveCfg = Release|Any CPU
		{BEB0322F-1AB0-4E09-BBCB-3FDA5FE7655A}.Debug|Any CPU.ActiveCfg = Debug|Any CPU
		{BEB0322F-1AB0-4E09-BBCB-3FDA5FE7655A}.Debug|Any CPU.Build.0 = Debug|Any CPU
		{BEB0322F-1AB0-4E09-BBCB-3FDA5FE7655A}.Debug|Mixed Platforms.ActiveCfg = Debug|Any CPU
		{BEB0322F-1AB0-4E09-BBCB-3FDA5FE7655A}.Debug|Mixed Platforms.Build.0 = Debug|Any CPU
		{BEB0322F-1AB0-4E09-BBCB-3FDA5FE7655A}.Debug|x86.ActiveCfg = Debug|Any CPU
		{BEB0322F-1AB0-4E09-BBCB-3FDA5FE7655A}.Release|Any CPU.ActiveCfg = Release|Any CPU
		{BEB0322F-1AB0-4E09-BBCB-3FDA5FE7655A}.Release|Any CPU.Build.0 = Release|Any CPU
		{BEB0322F-1AB0-4E09-BBCB-3FDA5FE7655A}.Release|Mixed Platforms.ActiveCfg = Release|Any CPU
		{BEB0322F-1AB0-4E09-BBCB-3FDA5FE7655A}.Release|Mixed Platforms.Build.0 = Release|Any CPU
		{BEB0322F-1AB0-4E09-BBCB-3FDA5FE7655A}.Release|x86.ActiveCfg = Release|Any CPU
		{D9CE7424-74B3-42B2-A3A8-84447FC2D362}.Debug|Any CPU.ActiveCfg = Debug|Any CPU
		{D9CE7424-74B3-42B2-A3A8-84447FC2D362}.Debug|Any CPU.Build.0 = Debug|Any CPU
		{D9CE7424-74B3-42B2-A3A8-84447FC2D362}.Debug|Mixed Platforms.ActiveCfg = Debug|Any CPU
		{D9CE7424-74B3-42B2-A3A8-84447FC2D362}.Debug|Mixed Platforms.Build.0 = Debug|Any CPU
		{D9CE7424-74B3-42B2-A3A8-84447FC2D362}.Debug|x86.ActiveCfg = Debug|Any CPU
		{D9CE7424-74B3-42B2-A3A8-84447FC2D362}.Debug|x86.Build.0 = Debug|Any CPU
		{D9CE7424-74B3-42B2-A3A8-84447FC2D362}.Release|Any CPU.ActiveCfg = Release|Any CPU
		{D9CE7424-74B3-42B2-A3A8-84447FC2D362}.Release|Any CPU.Build.0 = Release|Any CPU
		{D9CE7424-74B3-42B2-A3A8-84447FC2D362}.Release|Mixed Platforms.ActiveCfg = Release|Any CPU
		{D9CE7424-74B3-42B2-A3A8-84447FC2D362}.Release|Mixed Platforms.Build.0 = Release|Any CPU
		{D9CE7424-74B3-42B2-A3A8-84447FC2D362}.Release|x86.ActiveCfg = Release|Any CPU
		{D9CE7424-74B3-42B2-A3A8-84447FC2D362}.Release|x86.Build.0 = Release|Any CPU
	EndGlobalSection
	GlobalSection(SolutionProperties) = preSolution
		HideSolutionNode = FALSE
	EndGlobalSection
	GlobalSection(ExtensibilityGlobals) = postSolution
		SolutionGuid = {A8938CB6-E5FC-4233-BCC4-DA6E72E9C0AA}
	EndGlobalSection
EndGlobal
